
Microsoft Visual Studio Solution File, Format Version 12.00
# Visual Studio Version 16
VisualStudioVersion = 16.0.30611.23
MinimumVisualStudioVersion = 10.0.40219.1
Project("{8BC9CEB8-8B4A-11D0-8D11-00A0C91BC942}") = "W07-Memory-Organization", "W07-Memory-Organization\W07-Memory-Organization.vcxproj", "{F62F53FB-ECCE-41A4-9359-2BE8AD851BDA}"
EndProject
Global
	GlobalSection(SolutionConfigurationPlatforms) = preSolution
		Debug|x64 = Debug|x64
		Debug|x86 = Debug|x86
		Release|x64 = Release|x64
		Release|x86 = Release|x86
	EndGlobalSection
	GlobalSection(ProjectConfigurationPlatforms) = postSolution
		{F62F53FB-ECCE-41A4-9359-2BE8AD851BDA}.Debug|x64.ActiveCfg = Debug|x64
		{F62F53FB-ECCE-41A4-9359-2BE8AD851BDA}.Debug|x64.Build.0 = Debug|x64
		{F62F53FB-ECCE-41A4-9359-2BE8AD851BDA}.Debug|x86.ActiveCfg = Debug|Win32
		{F62F53FB-ECCE-41A4-9359-2BE8AD851BDA}.Debug|x86.Build.0 = Debug|Win32
		{F62F53FB-ECCE-41A4-9359-2BE8AD851BDA}.Release|x64.ActiveCfg = Release|x64
		{F62F53FB-ECCE-41A4-9359-2BE8AD851BDA}.Release|x64.Build.0 = Release|x64
		{F62F53FB-ECCE-41A4-9359-2BE8AD851BDA}.Release|x86.ActiveCfg = Release|Win32
		{F62F53FB-ECCE-41A4-9359-2BE8AD851BDA}.Release|x86.Build.0 = Release|Win32
	EndGlobalSection
	GlobalSection(SolutionProperties) = preSolution
		HideSolutionNode = FALSE
	EndGlobalSection
	GlobalSection(ExtensibilityGlobals) = postSolution
		SolutionGuid = {BB15945B-6C25-41D9-BF5D-4C53EA22E1E2}
	EndGlobalSection
EndGlobal
